# THIS IS AN AUTOGENERATED FILE. DO NOT EDIT THIS FILE DIRECTLY.
# yarn lockfile v1


async@^2.5.0:
  version "2.6.0"
  resolved "https://registry.yarnpkg.com/async/-/async-2.6.0.tgz#61a29abb6fcc026fea77e56d1c6ec53a795951f4"
  dependencies:
    lodash "^4.14.0"

bignumber.js@^4.1.0:
  version "4.1.0"
  resolved "https://registry.yarnpkg.com/bignumber.js/-/bignumber.js-4.1.0.tgz#db6f14067c140bd46624815a7916c92d9b6c24b1"

cryptico@^1.0.2:
  version "1.0.2"
  resolved "https://registry.yarnpkg.com/cryptico/-/cryptico-1.0.2.tgz#b1310d68270c9dcf50ded54ae13445af2b64071b"

crypto-js@^3.1.9-1:
  version "3.1.9-1"
  resolved "https://registry.yarnpkg.com/crypto-js/-/crypto-js-3.1.9-1.tgz#fda19e761fc077e01ffbfdc6e9fdfc59e8806cd8"

iota.lib.js@^0.4.7:
  version "0.4.7"
  resolved "https://registry.yarnpkg.com/iota.lib.js/-/iota.lib.js-0.4.7.tgz#c2af1a7886b8b0e239a4b54b5caa9dd239c2d7eb"
  dependencies:
    async "^2.5.0"
    bignumber.js "^4.1.0"
    crypto-js "^3.1.9-1"
    xmlhttprequest "^1.8.0"

lodash@^4.14.0:
  version "4.17.10"
  resolved "https://registry.yarnpkg.com/lodash/-/lodash-4.17.10.tgz#1b7793cf7259ea38fb3661d4d38b3260af8ae4e7"

"truevote@^1.0.0":
  version "1.0.0"
  resolved "https://registry.yarnpkg.com/truevote/-/truevote-1.0.0.tgz#3935f20cd9ce504f6b46c5f61e241707d6ac69b0"
  dependencies:
    cryptico "^1.0.2"
    iota.lib.js "^0.4.7"

xmlhttprequest@^1.8.0:
  version "1.8.0"
  resolved "https://registry.yarnpkg.com/xmlhttprequest/-/xmlhttprequest-1.8.0.tgz#67fe075c5c24fef39f9d65f5f7b7fe75171968fc"
